schema: '2.0'
stages:
  train:
    cmd: python utils/classifier/train.py
    deps:
    - path: utils/classifier/train.py
      md5: a5a7f6e78feeeeb6dc6de8a368d8ff30
      size: 7772
    params:
      params.yaml:
        train.batch: 128
        train.dataset: 1_rawdata_clean
        train.epochs: 200
        train.l2_reg: 0.0005
        train.learning_rate: 0.001
        train.loss: categorical_crossentropy
        train.model_name: Plantabit_tarbil_5
        train.momentum: 0.9
        train.seed: 123
        train.steps_per_epoch: 5
  evaluate:
    cmd: python utils/classifier/evaluate.py
    deps:
    - path: utils/classifier/dvc_objects/model/saved_model.pb
      md5: 93bbc3eb659ac5c369b784447ee33169
      size: 469256
    - path: utils/classifier/evaluate.py
      md5: dd0d5ea7f56badcdaf03cb145086766a
      size: 3275
    outs:
    - path: utils/classifier/dvc_objects/confusion.json
      md5: a25e0ce8029caf3ab10bc63abb2b9560
      size: 73240
    - path: utils/classifier/dvc_objects/test_scores.json
      md5: 1c411bf02edce9970441ff41e6bf50f0
      size: 265
